# This file is automatically @generated by Cargo.
# It is not intended for manual editing.
version = 3

[[package]]
name = "calc_median"
version = "0.1.0"

[[package]]
name = "calc_num_weeks_between_dates"
version = "0.1.0"

[[package]]
name = "cards"
version = "0.1.0"

[[package]]
name = "convert_c_and_f"
version = "0.1.0"

[[package]]
name = "convert_txt_2_morse"
version = "0.1.0"

[[package]]
name = "deadline"
version = "0.1.0"

[[package]]
name = "file_exists"
version = "0.1.0"

[[package]]
name = "find_uniq"
version = "0.1.0"

[[package]]
name = "inconsistent_dates"
version = "0.1.0"

[[package]]
name = "insensitive_sort"
version = "0.1.0"

[[package]]
name = "interpret_rgb_hex"
version = "0.1.0"

[[package]]
name = "print_any"
version = "0.1.0"

[[package]]
name = "run_len_encoding"
version = "0.1.0"

[[package]]
name = "sum_list"
version = "0.1.0"

[[package]]
name = "travel_planner"
version = "0.1.0"

[[package]]
name = "validate_isbn"
version = "0.1.0"

[[package]]
name = "vigenere_cipher"
version = "0.1.0"
